// !$*UTF8*$!
{
	archiveVersion = 1;
	classes = {
	};
	objectVersion = 46;
	objects = {

/* Begin PBXBuildFile section */
		17EA082517024A80007C2B48 /* UIKit.framework in Frameworks */ = {isa = PBXBuildFile; fileRef = 17EA082417024A80007C2B48 /* UIKit.framework */; };
		17EA082717024A80007C2B48 /* Foundation.framework in Frameworks */ = {isa = PBXBuildFile; fileRef = 17EA082617024A80007C2B48 /* Foundation.framework */; };
		17EA082917024A80007C2B48 /* CoreGraphics.framework in Frameworks */ = {isa = PBXBuildFile; fileRef = 17EA082817024A80007C2B48 /* CoreGraphics.framework */; };
		17EA082F17024A80007C2B48 /* InfoPlist.strings in Resources */ = {isa = PBXBuildFile; fileRef = 17EA082D17024A80007C2B48 /* InfoPlist.strings */; };
		17EA083117024A80007C2B48 /* main.m in Sources */ = {isa = PBXBuildFile; fileRef = 17EA083017024A80007C2B48 /* main.m */; };
		17EA083517024A80007C2B48 /* TESAppDelegate.m in Sources */ = {isa = PBXBuildFile; fileRef = 17EA083417024A80007C2B48 /* TESAppDelegate.m */; };
		17EA083717024A80007C2B48 /* Default.png in Resources */ = {isa = PBXBuildFile; fileRef = 17EA083617024A80007C2B48 /* Default.png */; };
		17EA083917024A80007C2B48 /* Default@2x.png in Resources */ = {isa = PBXBuildFile; fileRef = 17EA083817024A80007C2B48 /* Default@2x.png */; };
		17EA083B17024A80007C2B48 /* Default-568h@2x.png in Resources */ = {isa = PBXBuildFile; fileRef = 17EA083A17024A80007C2B48 /* Default-568h@2x.png */; };
		17EA083E17024A80007C2B48 /* MainStoryboard.storyboard in Resources */ = {isa = PBXBuildFile; fileRef = 17EA083C17024A80007C2B48 /* MainStoryboard.storyboard */; };
		17EA08641702523B007C2B48 /* TESTableViewController.m in Sources */ = {isa = PBXBuildFile; fileRef = 17EA08631702523B007C2B48 /* TESTableViewController.m */; };
		17EA086A17030527007C2B48 /* HealthService.m in Sources */ = {isa = PBXBuildFile; fileRef = 17EA086917030527007C2B48 /* HealthService.m */; };
		17EA086D17032580007C2B48 /* HealthServiceManager.m in Sources */ = {isa = PBXBuildFile; fileRef = 17EA086C17032580007C2B48 /* HealthServiceManager.m */; };
		17EA08701703467D007C2B48 /* OpeningHours.m in Sources */ = {isa = PBXBuildFile; fileRef = 17EA086F1703467D007C2B48 /* OpeningHours.m */; };
		17EA087317038495007C2B48 /* OpeningInterval.m in Sources */ = {isa = PBXBuildFile; fileRef = 17EA087217038495007C2B48 /* OpeningInterval.m */; };
		41F6617988DF491CACBD3842 /* libPods.a in Frameworks */ = {isa = PBXBuildFile; fileRef = 5B996927B2DD4776A30CAC02 /* libPods.a */; };
/* End PBXBuildFile section */

/* Begin PBXFileReference section */
		17EA082117024A80007C2B48 /* Legevakt.app */ = {isa = PBXFileReference; explicitFileType = wrapper.application; includeInIndex = 0; path = Legevakt.app; sourceTree = BUILT_PRODUCTS_DIR; };
		17EA082417024A80007C2B48 /* UIKit.framework */ = {isa = PBXFileReference; lastKnownFileType = wrapper.framework; name = UIKit.framework; path = System/Library/Frameworks/UIKit.framework; sourceTree = SDKROOT; };
		17EA082617024A80007C2B48 /* Foundation.framework */ = {isa = PBXFileReference; lastKnownFileType = wrapper.framework; name = Foundation.framework; path = System/Library/Frameworks/Foundation.framework; sourceTree = SDKROOT; };
		17EA082817024A80007C2B48 /* CoreGraphics.framework */ = {isa = PBXFileReference; lastKnownFileType = wrapper.framework; name = CoreGraphics.framework; path = System/Library/Frameworks/CoreGraphics.framework; sourceTree = SDKROOT; };
		17EA082C17024A80007C2B48 /* Legevakt-Info.plist */ = {isa = PBXFileReference; lastKnownFileType = text.plist.xml; path = "Legevakt-Info.plist"; sourceTree = "<group>"; };
		17EA082E17024A80007C2B48 /* en */ = {isa = PBXFileReference; lastKnownFileType = text.plist.strings; name = en; path = en.lproj/InfoPlist.strings; sourceTree = "<group>"; };
		17EA083017024A80007C2B48 /* main.m */ = {isa = PBXFileReference; lastKnownFileType = sourcecode.c.objc; path = main.m; sourceTree = "<group>"; };
		17EA083217024A80007C2B48 /* Legevakt-Prefix.pch */ = {isa = PBXFileReference; lastKnownFileType = sourcecode.c.h; path = "Legevakt-Prefix.pch"; sourceTree = "<group>"; };
		17EA083317024A80007C2B48 /* TESAppDelegate.h */ = {isa = PBXFileReference; lastKnownFileType = sourcecode.c.h; path = TESAppDelegate.h; sourceTree = "<group>"; };
		17EA083417024A80007C2B48 /* TESAppDelegate.m */ = {isa = PBXFileReference; lastKnownFileType = sourcecode.c.objc; path = TESAppDelegate.m; sourceTree = "<group>"; };
		17EA083617024A80007C2B48 /* Default.png */ = {isa = PBXFileReference; lastKnownFileType = image.png; path = Default.png; sourceTree = "<group>"; };
		17EA083817024A80007C2B48 /* Default@2x.png */ = {isa = PBXFileReference; lastKnownFileType = image.png; path = "Default@2x.png"; sourceTree = "<group>"; };
		17EA083A17024A80007C2B48 /* Default-568h@2x.png */ = {isa = PBXFileReference; lastKnownFileType = image.png; path = "Default-568h@2x.png"; sourceTree = "<group>"; };
		17EA083D17024A80007C2B48 /* en */ = {isa = PBXFileReference; lastKnownFileType = file.storyboard; name = en; path = en.lproj/MainStoryboard.storyboard; sourceTree = "<group>"; };
		17EA08621702523B007C2B48 /* TESTableViewController.h */ = {isa = PBXFileReference; fileEncoding = 4; lastKnownFileType = sourcecode.c.h; path = TESTableViewController.h; sourceTree = "<group>"; };
		17EA08631702523B007C2B48 /* TESTableViewController.m */ = {isa = PBXFileReference; fileEncoding = 4; lastKnownFileType = sourcecode.c.objc; path = TESTableViewController.m; sourceTree = "<group>"; };
		17EA086817030527007C2B48 /* HealthService.h */ = {isa = PBXFileReference; fileEncoding = 4; lastKnownFileType = sourcecode.c.h; path = HealthService.h; sourceTree = "<group>"; };
		17EA086917030527007C2B48 /* HealthService.m */ = {isa = PBXFileReference; fileEncoding = 4; lastKnownFileType = sourcecode.c.objc; path = HealthService.m; sourceTree = "<group>"; };
		17EA086B17032580007C2B48 /* HealthServiceManager.h */ = {isa = PBXFileReference; fileEncoding = 4; lastKnownFileType = sourcecode.c.h; path = HealthServiceManager.h; sourceTree = "<group>"; };
		17EA086C17032580007C2B48 /* HealthServiceManager.m */ = {isa = PBXFileReference; fileEncoding = 4; lastKnownFileType = sourcecode.c.objc; path = HealthServiceManager.m; sourceTree = "<group>"; };
		17EA086E1703467D007C2B48 /* OpeningHours.h */ = {isa = PBXFileReference; fileEncoding = 4; lastKnownFileType = sourcecode.c.h; path = OpeningHours.h; sourceTree = "<group>"; };
		17EA086F1703467D007C2B48 /* OpeningHours.m */ = {isa = PBXFileReference; fileEncoding = 4; lastKnownFileType = sourcecode.c.objc; path = OpeningHours.m; sourceTree = "<group>"; };
		17EA087117038495007C2B48 /* OpeningInterval.h */ = {isa = PBXFileReference; fileEncoding = 4; lastKnownFileType = sourcecode.c.h; path = OpeningInterval.h; sourceTree = "<group>"; };
		17EA087217038495007C2B48 /* OpeningInterval.m */ = {isa = PBXFileReference; fileEncoding = 4; lastKnownFileType = sourcecode.c.objc; path = OpeningInterval.m; sourceTree = "<group>"; };
		5B996927B2DD4776A30CAC02 /* libPods.a */ = {isa = PBXFileReference; explicitFileType = archive.ar; includeInIndex = 0; path = libPods.a; sourceTree = BUILT_PRODUCTS_DIR; };
		FA5C1EAF860243329134BEBC /* Pods.xcconfig */ = {isa = PBXFileReference; includeInIndex = 1; lastKnownFileType = text.xcconfig; name = Pods.xcconfig; path = Pods/Pods.xcconfig; sourceTree = SOURCE_ROOT; };
/* End PBXFileReference section */

/* Begin PBXFrameworksBuildPhase section */
		17EA081E17024A80007C2B48 /* Frameworks */ = {
			isa = PBXFrameworksBuildPhase;
			buildActionMask = 2147483647;
			files = (
				17EA082917024A80007C2B48 /* CoreGraphics.framework in Frameworks */,
				17EA082517024A80007C2B48 /* UIKit.framework in Frameworks */,
				17EA082717024A80007C2B48 /* Foundation.framework in Frameworks */,
				41F6617988DF491CACBD3842 /* libPods.a in Frameworks */,
			);
			runOnlyForDeploymentPostprocessing = 0;
		};
/* End PBXFrameworksBuildPhase section */

/* Begin PBXGroup section */
		17EA081817024A80007C2B48 = {
			isa = PBXGroup;
			children = (
				17EA082A17024A80007C2B48 /* Legevakt */,
				17EA082317024A80007C2B48 /* Frameworks */,
				17EA082217024A80007C2B48 /* Products */,
				FA5C1EAF860243329134BEBC /* Pods.xcconfig */,
			);
			sourceTree = "<group>";
		};
		17EA082217024A80007C2B48 /* Products */ = {
			isa = PBXGroup;
			children = (
				17EA082117024A80007C2B48 /* Legevakt.app */,
			);
			name = Products;
			sourceTree = "<group>";
		};
		17EA082317024A80007C2B48 /* Frameworks */ = {
			isa = PBXGroup;
			children = (
				17EA082417024A80007C2B48 /* UIKit.framework */,
				17EA082617024A80007C2B48 /* Foundation.framework */,
				17EA082817024A80007C2B48 /* CoreGraphics.framework */,
				5B996927B2DD4776A30CAC02 /* libPods.a */,
			);
			name = Frameworks;
			sourceTree = "<group>";
		};
		17EA082A17024A80007C2B48 /* Legevakt */ = {
			isa = PBXGroup;
			children = (
				17EA083317024A80007C2B48 /* TESAppDelegate.h */,
				17EA083417024A80007C2B48 /* TESAppDelegate.m */,
				17EA083C17024A80007C2B48 /* MainStoryboard.storyboard */,
				17EA08621702523B007C2B48 /* TESTableViewController.h */,
				17EA08631702523B007C2B48 /* TESTableViewController.m */,
				17EA086817030527007C2B48 /* HealthService.h */,
				17EA086917030527007C2B48 /* HealthService.m */,
				17EA086B17032580007C2B48 /* HealthServiceManager.h */,
				17EA086C17032580007C2B48 /* HealthServiceManager.m */,
				17EA086E1703467D007C2B48 /* OpeningHours.h */,
				17EA086F1703467D007C2B48 /* OpeningHours.m */,
				17EA087117038495007C2B48 /* OpeningInterval.h */,
				17EA087217038495007C2B48 /* OpeningInterval.m */,
				17EA082B17024A80007C2B48 /* Supporting Files */,
			);
			path = Legevakt;
			sourceTree = "<group>";
		};
		17EA082B17024A80007C2B48 /* Supporting Files */ = {
			isa = PBXGroup;
			children = (
				17EA082C17024A80007C2B48 /* Legevakt-Info.plist */,
				17EA082D17024A80007C2B48 /* InfoPlist.strings */,
				17EA083017024A80007C2B48 /* main.m */,
				17EA083217024A80007C2B48 /* Legevakt-Prefix.pch */,
				17EA083617024A80007C2B48 /* Default.png */,
				17EA083817024A80007C2B48 /* Default@2x.png */,
				17EA083A17024A80007C2B48 /* Default-568h@2x.png */,
			);
			name = "Supporting Files";
			sourceTree = "<group>";
		};
/* End PBXGroup section */

/* Begin PBXNativeTarget section */
		17EA082017024A80007C2B48 /* Legevakt */ = {
			isa = PBXNativeTarget;
			buildConfigurationList = 17EA084417024A80007C2B48 /* Build configuration list for PBXNativeTarget "Legevakt" */;
			buildPhases = (
				17EA081D17024A80007C2B48 /* Sources */,
				17EA081E17024A80007C2B48 /* Frameworks */,
				17EA081F17024A80007C2B48 /* Resources */,
				161A1AD02EB64ACFB19742CC /* Copy Pods Resources */,
			);
			buildRules = (
			);
			dependencies = (
			);
			name = Legevakt;
			productName = Legevakt;
			productReference = 17EA082117024A80007C2B48 /* Legevakt.app */;
			productType = "com.apple.product-type.application";
		};
/* End PBXNativeTarget section */

/* Begin PBXProject section */
		17EA081917024A80007C2B48 /* Project object */ = {
			isa = PBXProject;
			attributes = {
				CLASSPREFIX = TES;
				LastUpgradeCheck = 0460;
				ORGANIZATIONNAME = "Tom Erik St√∏wer";
			};
			buildConfigurationList = 17EA081C17024A80007C2B48 /* Build configuration list for PBXProject "Legevakt" */;
			compatibilityVersion = "Xcode 3.2";
			developmentRegion = English;
			hasScannedForEncodings = 0;
			knownRegions = (
				en,
			);
			mainGroup = 17EA081817024A80007C2B48;
			productRefGroup = 17EA082217024A80007C2B48 /* Products */;
			projectDirPath = "";
			projectRoot = "";
			targets = (
				17EA082017024A80007C2B48 /* Legevakt */,
			);
		};
/* End PBXProject section */

/* Begin PBXResourcesBuildPhase section */
		17EA081F17024A80007C2B48 /* Resources */ = {
			isa = PBXResourcesBuildPhase;
			buildActionMask = 2147483647;
			files = (
				17EA082F17024A80007C2B48 /* InfoPlist.strings in Resources */,
				17EA083717024A80007C2B48 /* Default.png in Resources */,
				17EA083917024A80007C2B48 /* Default@2x.png in Resources */,
				17EA083B17024A80007C2B48 /* Default-568h@2x.png in Resources */,
				17EA083E17024A80007C2B48 /* MainStoryboard.storyboard in Resources */,
			);
			runOnlyForDeploymentPostprocessing = 0;
		};
/* End PBXResourcesBuildPhase section */

/* Begin PBXShellScriptBuildPhase section */
		161A1AD02EB64ACFB19742CC /* Copy Pods Resources */ = {
			isa = PBXShellScriptBuildPhase;
			buildActionMask = 2147483647;
			files = (
			);
			inputPaths = (
			);
			name = "Copy Pods Resources";
			outputPaths = (
			);
			runOnlyForDeploymentPostprocessing = 0;
			shellPath = /bin/sh;
			shellScript = "\"${SRCROOT}/Pods/Pods-resources.sh\"\n";
		};
/* End PBXShellScriptBuildPhase section */

/* Begin PBXSourcesBuildPhase section */
		17EA081D17024A80007C2B48 /* Sources */ = {
			isa = PBXSourcesBuildPhase;
			buildActionMask = 2147483647;
			files = (
				17EA083117024A80007C2B48 /* main.m in Sources */,
				17EA083517024A80007C2B48 /* TESAppDelegate.m in Sources */,
				17EA08641702523B007C2B48 /* TESTableViewController.m in Sources */,
				17EA086A17030527007C2B48 /* HealthService.m in Sources */,
				17EA086D17032580007C2B48 /* HealthServiceManager.m in Sources */,
				17EA08701703467D007C2B48 /* OpeningHours.m in Sources */,
				17EA087317038495007C2B48 /* OpeningInterval.m in Sources */,
			);
			runOnlyForDeploymentPostprocessing = 0;
		};
/* End PBXSourcesBuildPhase section */

/* Begin PBXVariantGroup section */
		17EA082D17024A80007C2B48 /* InfoPlist.strings */ = {
			isa = PBXVariantGroup;
			children = (
				17EA082E17024A80007C2B48 /* en */,
			);
			name = InfoPlist.strings;
			sourceTree = "<group>";
		};
		17EA083C17024A80007C2B48 /* MainStoryboard.storyboard */ = {
			isa = PBXVariantGroup;
			children = (
				17EA083D17024A80007C2B48 /* en */,
			);
			name = MainStoryboard.storyboard;
			sourceTree = "<group>";
		};
/* End PBXVariantGroup section */

/* Begin XCBuildConfiguration section */
		17EA084217024A80007C2B48 /* Debug */ = {
			isa = XCBuildConfiguration;
			buildSettings = {
				ALWAYS_SEARCH_USER_PATHS = NO;
				CLANG_CXX_LANGUAGE_STANDARD = "gnu++0x";
				CLANG_CXX_LIBRARY = "libc++";
				CLANG_ENABLE_OBJC_ARC = YES;
				CLANG_WARN_CONSTANT_CONVERSION = YES;
				CLANG_WARN_EMPTY_BODY = YES;
				CLANG_WARN_ENUM_CONVERSION = YES;
				CLANG_WARN_INT_CONVERSION = YES;
				CLANG_WARN__DUPLICATE_METHOD_MATCH = YES;
				"CODE_SIGN_IDENTITY[sdk=iphoneos*]" = "iPhone Developer";
				COPY_PHASE_STRIP = NO;
				GCC_C_LANGUAGE_STANDARD = gnu99;
				GCC_DYNAMIC_NO_PIC = NO;
				GCC_OPTIMIZATION_LEVEL = 0;
				GCC_PREPROCESSOR_DEFINITIONS = (
					"DEBUG=1",
					"$(inherited)",
				);
				GCC_SYMBOLS_PRIVATE_EXTERN = NO;
				GCC_WARN_ABOUT_RETURN_TYPE = YES;
				GCC_WARN_UNINITIALIZED_AUTOS = YES;
				GCC_WARN_UNUSED_VARIABLE = YES;
				IPHONEOS_DEPLOYMENT_TARGET = 6.1;
				ONLY_ACTIVE_ARCH = YES;
				SDKROOT = iphoneos;
			};
			name = Debug;
		};
		17EA084317024A80007C2B48 /* Release */ = {
			isa = XCBuildConfiguration;
			buildSettings = {
				ALWAYS_SEARCH_USER_PATHS = NO;
				CLANG_CXX_LANGUAGE_STANDARD = "gnu++0x";
				CLANG_CXX_LIBRARY = "libc++";
				CLANG_ENABLE_OBJC_ARC = YES;
				CLANG_WARN_CONSTANT_CONVERSION = YES;
				CLANG_WARN_EMPTY_BODY = YES;
				CLANG_WARN_ENUM_CONVERSION = YES;
				CLANG_WARN_INT_CONVERSION = YES;
				CLANG_WARN__DUPLICATE_METHOD_MATCH = YES;
				"CODE_SIGN_IDENTITY[sdk=iphoneos*]" = "iPhone Developer";
				COPY_PHASE_STRIP = YES;
				GCC_C_LANGUAGE_STANDARD = gnu99;
				GCC_WARN_ABOUT_RETURN_TYPE = YES;
				GCC_WARN_UNINITIALIZED_AUTOS = YES;
				GCC_WARN_UNUSED_VARIABLE = YES;
				IPHONEOS_DEPLOYMENT_TARGET = 6.1;
				OTHER_CFLAGS = "-DNS_BLOCK_ASSERTIONS=1";
				SDKROOT = iphoneos;
				VALIDATE_PRODUCT = YES;
			};
			name = Release;
		};
		17EA084517024A80007C2B48 /* Debug */ = {
			isa = XCBuildConfiguration;
			baseConfigurationReference = FA5C1EAF860243329134BEBC /* Pods.xcconfig */;
			buildSettings = {
				GCC_PRECOMPILE_PREFIX_HEADER = YES;
				GCC_PREFIX_HEADER = "Legevakt/Legevakt-Prefix.pch";
				INFOPLIST_FILE = "Legevakt/Legevakt-Info.plist";
				PRODUCT_NAME = "$(TARGET_NAME)";
				WRAPPER_EXTENSION = app;
			};
			name = Debug;
		};
		17EA084617024A80007C2B48 /* Release */ = {
			isa = XCBuildConfiguration;
			baseConfigurationReference = FA5C1EAF860243329134BEBC /* Pods.xcconfig */;
			buildSettings = {
				GCC_PRECOMPILE_PREFIX_HEADER = YES;
				GCC_PREFIX_HEADER = "Legevakt/Legevakt-Prefix.pch";
				INFOPLIST_FILE = "Legevakt/Legevakt-Info.plist";
				PRODUCT_NAME = "$(TARGET_NAME)";
				WRAPPER_EXTENSION = app;
			};
			name = Release;
		};
/* End XCBuildConfiguration section */

/* Begin XCConfigurationList section */
		17EA081C17024A80007C2B48 /* Build configuration list for PBXProject "Legevakt" */ = {
			isa = XCConfigurationList;
			buildConfigurations = (
				17EA084217024A80007C2B48 /* Debug */,
				17EA084317024A80007C2B48 /* Release */,
			);
			defaultConfigurationIsVisible = 0;
			defaultConfigurationName = Release;
		};
		17EA084417024A80007C2B48 /* Build configuration list for PBXNativeTarget "Legevakt" */ = {
			isa = XCConfigurationList;
			buildConfigurations = (
				17EA084517024A80007C2B48 /* Debug */,
				17EA084617024A80007C2B48 /* Release */,
			);
			defaultConfigurationIsVisible = 0;
			defaultConfigurationName = Release;
		};
/* End XCConfigurationList section */
	};
	rootObject = 17EA081917024A80007C2B48 /* Project object */;
}
