// !$*UTF8*$!
{
	archiveVersion = 1;
	classes = {
	};
	objectVersion = 46;
	objects = {

/* Begin PBXBuildFile section */
		1314CA9D17146F0400020043 /* TESHealthServiceActionManager.m in Sources */ = {isa = PBXBuildFile; fileRef = 1314CA9C17146F0400020043 /* TESHealthServiceActionManager.m */; };
		1314CAA01714746900020043 /* TESMapAnnotation.m in Sources */ = {isa = PBXBuildFile; fileRef = 1314CA9F1714746900020043 /* TESMapAnnotation.m */; };
		1314CAA517147BB000020043 /* ER_call.png in Resources */ = {isa = PBXBuildFile; fileRef = 1314CAA117147BB000020043 /* ER_call.png */; };
		1314CAA617147BB000020043 /* ER_map.png in Resources */ = {isa = PBXBuildFile; fileRef = 1314CAA217147BB000020043 /* ER_map.png */; };
		1314CAA717147BB000020043 /* ER_map2.png in Resources */ = {isa = PBXBuildFile; fileRef = 1314CAA317147BB000020043 /* ER_map2.png */; };
		1314CAA817147BB000020043 /* ER_web.png in Resources */ = {isa = PBXBuildFile; fileRef = 1314CAA417147BB000020043 /* ER_web.png */; };
		1314CAAB171482B600020043 /* ER_closed.png in Resources */ = {isa = PBXBuildFile; fileRef = 1314CAA9171482B600020043 /* ER_closed.png */; };
		1314CAAC171482B600020043 /* ER_open.png in Resources */ = {isa = PBXBuildFile; fileRef = 1314CAAA171482B600020043 /* ER_open.png */; };
		1314CAB217148C0F00020043 /* TESMainViewController.m in Sources */ = {isa = PBXBuildFile; fileRef = 1314CAB117148C0F00020043 /* TESMainViewController.m */; };
		1314CAB51714B45A00020043 /* ER_closed_pin@2x.png in Resources */ = {isa = PBXBuildFile; fileRef = 1314CAB31714B45A00020043 /* ER_closed_pin@2x.png */; };
		1314CAB61714B45A00020043 /* ER_open_pin@2x.png in Resources */ = {isa = PBXBuildFile; fileRef = 1314CAB41714B45A00020043 /* ER_open_pin@2x.png */; };
		1314CAB91714B69500020043 /* ER_closed_pin.png in Resources */ = {isa = PBXBuildFile; fileRef = 1314CAB71714B69500020043 /* ER_closed_pin.png */; };
		1314CABA1714B69500020043 /* ER_open_pin.png in Resources */ = {isa = PBXBuildFile; fileRef = 1314CAB81714B69500020043 /* ER_open_pin.png */; };
		132CE75017140D1500BE191A /* MapKit.framework in Frameworks */ = {isa = PBXBuildFile; fileRef = 132CE74F17140D1500BE191A /* MapKit.framework */; };
		1350A0901716AF3400FF8364 /* TESHealthServiceCell.xib in Resources */ = {isa = PBXBuildFile; fileRef = 1350A08F1716AF3400FF8364 /* TESHealthServiceCell.xib */; };
		1350A0931716C81100FF8364 /* TESTableDataSource.m in Sources */ = {isa = PBXBuildFile; fileRef = 1350A0921716C81100FF8364 /* TESTableDataSource.m */; };
		1350A0A01716D52C00FF8364 /* TESTableDelegate.m in Sources */ = {isa = PBXBuildFile; fileRef = 1350A09F1716D52C00FF8364 /* TESTableDelegate.m */; };
		1350A0A31716DAC800FF8364 /* TESTableViewController.m in Sources */ = {isa = PBXBuildFile; fileRef = 1350A0A21716DAC800FF8364 /* TESTableViewController.m */; };
		1350A0A717171A3000FF8364 /* TESMapDelegate.m in Sources */ = {isa = PBXBuildFile; fileRef = 1350A0A617171A3000FF8364 /* TESMapDelegate.m */; };
		1366BA4C1714C66600208968 /* TESMapAnnotationView.m in Sources */ = {isa = PBXBuildFile; fileRef = 1366BA4B1714C66600208968 /* TESMapAnnotationView.m */; };
		1376BF771712F74A0074ABB1 /* TESDetailViewController.m in Sources */ = {isa = PBXBuildFile; fileRef = 1376BF761712F74A0074ABB1 /* TESDetailViewController.m */; };
		1376BF831713FB200074ABB1 /* TESHealthServiceCell.m in Sources */ = {isa = PBXBuildFile; fileRef = 1376BF821713FB200074ABB1 /* TESHealthServiceCell.m */; };
		139B026F17187EB1005238B0 /* MainStoryboard.storyboard in Resources */ = {isa = PBXBuildFile; fileRef = 139B026D17187EB1005238B0 /* MainStoryboard.storyboard */; };
		139B0275171883E5005238B0 /* TESLoadAllCell.m in Sources */ = {isa = PBXBuildFile; fileRef = 139B0274171883E5005238B0 /* TESLoadAllCell.m */; };
		139B027717188401005238B0 /* TESLoadAllCell.xib in Resources */ = {isa = PBXBuildFile; fileRef = 139B027617188400005238B0 /* TESLoadAllCell.xib */; };
		139B027917188452005238B0 /* TESViewInMapCell.xib in Resources */ = {isa = PBXBuildFile; fileRef = 139B027817188452005238B0 /* TESViewInMapCell.xib */; };
		139B027C17188487005238B0 /* TESViewInMapCell.m in Sources */ = {isa = PBXBuildFile; fileRef = 139B027B17188487005238B0 /* TESViewInMapCell.m */; };
		139B027E1718942D005238B0 /* ER_map_view.png in Resources */ = {isa = PBXBuildFile; fileRef = 139B027D1718942D005238B0 /* ER_map_view.png */; };
		139B02811718A8AD005238B0 /* ER_closed@2x.png in Resources */ = {isa = PBXBuildFile; fileRef = 139B027F1718A8AD005238B0 /* ER_closed@2x.png */; };
		139B02821718A8AD005238B0 /* ER_open@2x.png in Resources */ = {isa = PBXBuildFile; fileRef = 139B02801718A8AD005238B0 /* ER_open@2x.png */; };
		139B02851718A9D3005238B0 /* ER_load_more.png in Resources */ = {isa = PBXBuildFile; fileRef = 139B02831718A9D3005238B0 /* ER_load_more.png */; };
		139B02861718A9D3005238B0 /* ER_load_more@2x.png in Resources */ = {isa = PBXBuildFile; fileRef = 139B02841718A9D3005238B0 /* ER_load_more@2x.png */; };
		13B896A2171425FB0058B1A0 /* TESMapViewController.m in Sources */ = {isa = PBXBuildFile; fileRef = 13B896A1171425FB0058B1A0 /* TESMapViewController.m */; };
		13FA7D7B17144BF3004B42A4 /* Localizable.strings in Resources */ = {isa = PBXBuildFile; fileRef = 13FA7D7D17144BF3004B42A4 /* Localizable.strings */; };
		13FA7D8317144F53004B42A4 /* Default-568h@2x.png in Resources */ = {isa = PBXBuildFile; fileRef = 13FA7D8217144F53004B42A4 /* Default-568h@2x.png */; };
		13FA7D8517144F56004B42A4 /* Default.png in Resources */ = {isa = PBXBuildFile; fileRef = 13FA7D8417144F56004B42A4 /* Default.png */; };
		13FA7D8717144F58004B42A4 /* Default@2x.png in Resources */ = {isa = PBXBuildFile; fileRef = 13FA7D8617144F58004B42A4 /* Default@2x.png */; };
		13FA7D8917144F5C004B42A4 /* PoisonInfo_114.png in Resources */ = {isa = PBXBuildFile; fileRef = 13FA7D8817144F5C004B42A4 /* PoisonInfo_114.png */; };
		13FA7D8B17144F62004B42A4 /* ERList_114.png in Resources */ = {isa = PBXBuildFile; fileRef = 13FA7D8A17144F62004B42A4 /* ERList_114.png */; };
		13FA7D8D17144FB7004B42A4 /* ERList_57.png in Resources */ = {isa = PBXBuildFile; fileRef = 13FA7D8C17144FB7004B42A4 /* ERList_57.png */; };
		1742547217152C910075ECBF /* TESNorwegianPhoneNumberFormatter.m in Sources */ = {isa = PBXBuildFile; fileRef = 1742547117152C910075ECBF /* TESNorwegianPhoneNumberFormatter.m */; };
		17973A731711D5E200FBDF48 /* Municipality.m in Sources */ = {isa = PBXBuildFile; fileRef = 17973A721711D5E200FBDF48 /* Municipality.m */; };
		17EA082517024A80007C2B48 /* UIKit.framework in Frameworks */ = {isa = PBXBuildFile; fileRef = 17EA082417024A80007C2B48 /* UIKit.framework */; };
		17EA082717024A80007C2B48 /* Foundation.framework in Frameworks */ = {isa = PBXBuildFile; fileRef = 17EA082617024A80007C2B48 /* Foundation.framework */; };
		17EA082917024A80007C2B48 /* CoreGraphics.framework in Frameworks */ = {isa = PBXBuildFile; fileRef = 17EA082817024A80007C2B48 /* CoreGraphics.framework */; };
		17EA082F17024A80007C2B48 /* InfoPlist.strings in Resources */ = {isa = PBXBuildFile; fileRef = 17EA082D17024A80007C2B48 /* InfoPlist.strings */; };
		17EA083117024A80007C2B48 /* main.m in Sources */ = {isa = PBXBuildFile; fileRef = 17EA083017024A80007C2B48 /* main.m */; };
		17EA083517024A80007C2B48 /* TESAppDelegate.m in Sources */ = {isa = PBXBuildFile; fileRef = 17EA083417024A80007C2B48 /* TESAppDelegate.m */; };
		17EA086A17030527007C2B48 /* HealthService.m in Sources */ = {isa = PBXBuildFile; fileRef = 17EA086917030527007C2B48 /* HealthService.m */; };
		17EA086D17032580007C2B48 /* HealthServiceManager.m in Sources */ = {isa = PBXBuildFile; fileRef = 17EA086C17032580007C2B48 /* HealthServiceManager.m */; };
		17EA08701703467D007C2B48 /* OpeningHours.m in Sources */ = {isa = PBXBuildFile; fileRef = 17EA086F1703467D007C2B48 /* OpeningHours.m */; };
		17EA087317038495007C2B48 /* OpeningInterval.m in Sources */ = {isa = PBXBuildFile; fileRef = 17EA087217038495007C2B48 /* OpeningInterval.m */; };
		41F6617988DF491CACBD3842 /* libPods.a in Frameworks */ = {isa = PBXBuildFile; fileRef = 5B996927B2DD4776A30CAC02 /* libPods.a */; };
/* End PBXBuildFile section */

/* Begin PBXFileReference section */
		1314CA9B17146F0400020043 /* TESHealthServiceActionManager.h */ = {isa = PBXFileReference; fileEncoding = 4; lastKnownFileType = sourcecode.c.h; path = TESHealthServiceActionManager.h; sourceTree = "<group>"; };
		1314CA9C17146F0400020043 /* TESHealthServiceActionManager.m */ = {isa = PBXFileReference; fileEncoding = 4; lastKnownFileType = sourcecode.c.objc; path = TESHealthServiceActionManager.m; sourceTree = "<group>"; };
		1314CA9E1714746900020043 /* TESMapAnnotation.h */ = {isa = PBXFileReference; fileEncoding = 4; lastKnownFileType = sourcecode.c.h; path = TESMapAnnotation.h; sourceTree = "<group>"; };
		1314CA9F1714746900020043 /* TESMapAnnotation.m */ = {isa = PBXFileReference; fileEncoding = 4; lastKnownFileType = sourcecode.c.objc; path = TESMapAnnotation.m; sourceTree = "<group>"; };
		1314CAA117147BB000020043 /* ER_call.png */ = {isa = PBXFileReference; lastKnownFileType = image.png; path = ER_call.png; sourceTree = "<group>"; };
		1314CAA217147BB000020043 /* ER_map.png */ = {isa = PBXFileReference; lastKnownFileType = image.png; path = ER_map.png; sourceTree = "<group>"; };
		1314CAA317147BB000020043 /* ER_map2.png */ = {isa = PBXFileReference; lastKnownFileType = image.png; path = ER_map2.png; sourceTree = "<group>"; };
		1314CAA417147BB000020043 /* ER_web.png */ = {isa = PBXFileReference; lastKnownFileType = image.png; path = ER_web.png; sourceTree = "<group>"; };
		1314CAA9171482B600020043 /* ER_closed.png */ = {isa = PBXFileReference; lastKnownFileType = image.png; path = ER_closed.png; sourceTree = "<group>"; };
		1314CAAA171482B600020043 /* ER_open.png */ = {isa = PBXFileReference; lastKnownFileType = image.png; path = ER_open.png; sourceTree = "<group>"; };
		1314CAB017148C0F00020043 /* TESMainViewController.h */ = {isa = PBXFileReference; fileEncoding = 4; lastKnownFileType = sourcecode.c.h; path = TESMainViewController.h; sourceTree = "<group>"; };
		1314CAB117148C0F00020043 /* TESMainViewController.m */ = {isa = PBXFileReference; fileEncoding = 4; lastKnownFileType = sourcecode.c.objc; path = TESMainViewController.m; sourceTree = "<group>"; };
		1314CAB31714B45A00020043 /* ER_closed_pin@2x.png */ = {isa = PBXFileReference; lastKnownFileType = image.png; path = "ER_closed_pin@2x.png"; sourceTree = "<group>"; };
		1314CAB41714B45A00020043 /* ER_open_pin@2x.png */ = {isa = PBXFileReference; lastKnownFileType = image.png; path = "ER_open_pin@2x.png"; sourceTree = "<group>"; };
		1314CAB71714B69500020043 /* ER_closed_pin.png */ = {isa = PBXFileReference; lastKnownFileType = image.png; path = ER_closed_pin.png; sourceTree = "<group>"; };
		1314CAB81714B69500020043 /* ER_open_pin.png */ = {isa = PBXFileReference; lastKnownFileType = image.png; path = ER_open_pin.png; sourceTree = "<group>"; };
		132CE74F17140D1500BE191A /* MapKit.framework */ = {isa = PBXFileReference; lastKnownFileType = wrapper.framework; name = MapKit.framework; path = System/Library/Frameworks/MapKit.framework; sourceTree = SDKROOT; };
		1350A08F1716AF3400FF8364 /* TESHealthServiceCell.xib */ = {isa = PBXFileReference; fileEncoding = 4; lastKnownFileType = file.xib; path = TESHealthServiceCell.xib; sourceTree = "<group>"; };
		1350A0911716C81100FF8364 /* TESTableDataSource.h */ = {isa = PBXFileReference; fileEncoding = 4; lastKnownFileType = sourcecode.c.h; path = TESTableDataSource.h; sourceTree = "<group>"; };
		1350A0921716C81100FF8364 /* TESTableDataSource.m */ = {isa = PBXFileReference; fileEncoding = 4; lastKnownFileType = sourcecode.c.objc; path = TESTableDataSource.m; sourceTree = "<group>"; };
		1350A09E1716D52C00FF8364 /* TESTableDelegate.h */ = {isa = PBXFileReference; fileEncoding = 4; lastKnownFileType = sourcecode.c.h; path = TESTableDelegate.h; sourceTree = "<group>"; };
		1350A09F1716D52C00FF8364 /* TESTableDelegate.m */ = {isa = PBXFileReference; fileEncoding = 4; lastKnownFileType = sourcecode.c.objc; path = TESTableDelegate.m; sourceTree = "<group>"; };
		1350A0A11716DAC800FF8364 /* TESTableViewController.h */ = {isa = PBXFileReference; fileEncoding = 4; lastKnownFileType = sourcecode.c.h; path = TESTableViewController.h; sourceTree = "<group>"; };
		1350A0A21716DAC800FF8364 /* TESTableViewController.m */ = {isa = PBXFileReference; fileEncoding = 4; lastKnownFileType = sourcecode.c.objc; path = TESTableViewController.m; sourceTree = "<group>"; };
		1350A0A517171A3000FF8364 /* TESMapDelegate.h */ = {isa = PBXFileReference; fileEncoding = 4; lastKnownFileType = sourcecode.c.h; path = TESMapDelegate.h; sourceTree = "<group>"; };
		1350A0A617171A3000FF8364 /* TESMapDelegate.m */ = {isa = PBXFileReference; fileEncoding = 4; lastKnownFileType = sourcecode.c.objc; path = TESMapDelegate.m; sourceTree = "<group>"; };
		1366BA4A1714C66600208968 /* TESMapAnnotationView.h */ = {isa = PBXFileReference; fileEncoding = 4; lastKnownFileType = sourcecode.c.h; path = TESMapAnnotationView.h; sourceTree = "<group>"; };
		1366BA4B1714C66600208968 /* TESMapAnnotationView.m */ = {isa = PBXFileReference; fileEncoding = 4; lastKnownFileType = sourcecode.c.objc; path = TESMapAnnotationView.m; sourceTree = "<group>"; };
		1376BF751712F74A0074ABB1 /* TESDetailViewController.h */ = {isa = PBXFileReference; fileEncoding = 4; lastKnownFileType = sourcecode.c.h; path = TESDetailViewController.h; sourceTree = "<group>"; };
		1376BF761712F74A0074ABB1 /* TESDetailViewController.m */ = {isa = PBXFileReference; fileEncoding = 4; lastKnownFileType = sourcecode.c.objc; path = TESDetailViewController.m; sourceTree = "<group>"; };
		1376BF811713FB1F0074ABB1 /* TESHealthServiceCell.h */ = {isa = PBXFileReference; fileEncoding = 4; lastKnownFileType = sourcecode.c.h; path = TESHealthServiceCell.h; sourceTree = "<group>"; };
		1376BF821713FB200074ABB1 /* TESHealthServiceCell.m */ = {isa = PBXFileReference; fileEncoding = 4; lastKnownFileType = sourcecode.c.objc; path = TESHealthServiceCell.m; sourceTree = "<group>"; };
		139B026E17187EB1005238B0 /* nb */ = {isa = PBXFileReference; lastKnownFileType = file.storyboard; name = nb; path = nb.lproj/MainStoryboard.storyboard; sourceTree = "<group>"; };
		139B0273171883E5005238B0 /* TESLoadAllCell.h */ = {isa = PBXFileReference; fileEncoding = 4; lastKnownFileType = sourcecode.c.h; path = TESLoadAllCell.h; sourceTree = "<group>"; };
		139B0274171883E5005238B0 /* TESLoadAllCell.m */ = {isa = PBXFileReference; fileEncoding = 4; lastKnownFileType = sourcecode.c.objc; path = TESLoadAllCell.m; sourceTree = "<group>"; };
		139B027617188400005238B0 /* TESLoadAllCell.xib */ = {isa = PBXFileReference; fileEncoding = 4; lastKnownFileType = file.xib; path = TESLoadAllCell.xib; sourceTree = "<group>"; };
		139B027817188452005238B0 /* TESViewInMapCell.xib */ = {isa = PBXFileReference; fileEncoding = 4; lastKnownFileType = file.xib; path = TESViewInMapCell.xib; sourceTree = "<group>"; };
		139B027A17188487005238B0 /* TESViewInMapCell.h */ = {isa = PBXFileReference; fileEncoding = 4; lastKnownFileType = sourcecode.c.h; path = TESViewInMapCell.h; sourceTree = "<group>"; };
		139B027B17188487005238B0 /* TESViewInMapCell.m */ = {isa = PBXFileReference; fileEncoding = 4; lastKnownFileType = sourcecode.c.objc; path = TESViewInMapCell.m; sourceTree = "<group>"; };
		139B027D1718942D005238B0 /* ER_map_view.png */ = {isa = PBXFileReference; lastKnownFileType = image.png; path = ER_map_view.png; sourceTree = "<group>"; };
		139B027F1718A8AD005238B0 /* ER_closed@2x.png */ = {isa = PBXFileReference; lastKnownFileType = image.png; path = "ER_closed@2x.png"; sourceTree = "<group>"; };
		139B02801718A8AD005238B0 /* ER_open@2x.png */ = {isa = PBXFileReference; lastKnownFileType = image.png; path = "ER_open@2x.png"; sourceTree = "<group>"; };
		139B02831718A9D3005238B0 /* ER_load_more.png */ = {isa = PBXFileReference; lastKnownFileType = image.png; path = ER_load_more.png; sourceTree = "<group>"; };
		139B02841718A9D3005238B0 /* ER_load_more@2x.png */ = {isa = PBXFileReference; lastKnownFileType = image.png; path = "ER_load_more@2x.png"; sourceTree = "<group>"; };
		13B896A0171425FB0058B1A0 /* TESMapViewController.h */ = {isa = PBXFileReference; fileEncoding = 4; lastKnownFileType = sourcecode.c.h; path = TESMapViewController.h; sourceTree = "<group>"; };
		13B896A1171425FB0058B1A0 /* TESMapViewController.m */ = {isa = PBXFileReference; fileEncoding = 4; lastKnownFileType = sourcecode.c.objc; path = TESMapViewController.m; sourceTree = "<group>"; };
		13FA7D7A17144BEA004B42A4 /* nb */ = {isa = PBXFileReference; lastKnownFileType = text.plist.strings; name = nb; path = nb.lproj/InfoPlist.strings; sourceTree = "<group>"; };
		13FA7D7C17144BF3004B42A4 /* nb */ = {isa = PBXFileReference; lastKnownFileType = text.plist.strings; name = nb; path = nb.lproj/Localizable.strings; sourceTree = "<group>"; };
		13FA7D8217144F53004B42A4 /* Default-568h@2x.png */ = {isa = PBXFileReference; lastKnownFileType = image.png; path = "Default-568h@2x.png"; sourceTree = "<group>"; };
		13FA7D8417144F56004B42A4 /* Default.png */ = {isa = PBXFileReference; lastKnownFileType = image.png; path = Default.png; sourceTree = "<group>"; };
		13FA7D8617144F58004B42A4 /* Default@2x.png */ = {isa = PBXFileReference; lastKnownFileType = image.png; path = "Default@2x.png"; sourceTree = "<group>"; };
		13FA7D8817144F5C004B42A4 /* PoisonInfo_114.png */ = {isa = PBXFileReference; lastKnownFileType = image.png; path = PoisonInfo_114.png; sourceTree = "<group>"; };
		13FA7D8A17144F62004B42A4 /* ERList_114.png */ = {isa = PBXFileReference; lastKnownFileType = image.png; path = ERList_114.png; sourceTree = "<group>"; };
		13FA7D8C17144FB7004B42A4 /* ERList_57.png */ = {isa = PBXFileReference; lastKnownFileType = image.png; path = ERList_57.png; sourceTree = "<group>"; };
		1742547017152C910075ECBF /* TESNorwegianPhoneNumberFormatter.h */ = {isa = PBXFileReference; fileEncoding = 4; lastKnownFileType = sourcecode.c.h; path = TESNorwegianPhoneNumberFormatter.h; sourceTree = "<group>"; };
		1742547117152C910075ECBF /* TESNorwegianPhoneNumberFormatter.m */ = {isa = PBXFileReference; fileEncoding = 4; lastKnownFileType = sourcecode.c.objc; path = TESNorwegianPhoneNumberFormatter.m; sourceTree = "<group>"; };
		17973A711711D5E200FBDF48 /* Municipality.h */ = {isa = PBXFileReference; fileEncoding = 4; lastKnownFileType = sourcecode.c.h; path = Municipality.h; sourceTree = "<group>"; };
		17973A721711D5E200FBDF48 /* Municipality.m */ = {isa = PBXFileReference; fileEncoding = 4; lastKnownFileType = sourcecode.c.objc; path = Municipality.m; sourceTree = "<group>"; };
		17EA082117024A80007C2B48 /* Legevakt.app */ = {isa = PBXFileReference; explicitFileType = wrapper.application; includeInIndex = 0; path = Legevakt.app; sourceTree = BUILT_PRODUCTS_DIR; };
		17EA082417024A80007C2B48 /* UIKit.framework */ = {isa = PBXFileReference; lastKnownFileType = wrapper.framework; name = UIKit.framework; path = System/Library/Frameworks/UIKit.framework; sourceTree = SDKROOT; };
		17EA082617024A80007C2B48 /* Foundation.framework */ = {isa = PBXFileReference; lastKnownFileType = wrapper.framework; name = Foundation.framework; path = System/Library/Frameworks/Foundation.framework; sourceTree = SDKROOT; };
		17EA082817024A80007C2B48 /* CoreGraphics.framework */ = {isa = PBXFileReference; lastKnownFileType = wrapper.framework; name = CoreGraphics.framework; path = System/Library/Frameworks/CoreGraphics.framework; sourceTree = SDKROOT; };
		17EA082C17024A80007C2B48 /* Legevakt-Info.plist */ = {isa = PBXFileReference; lastKnownFileType = text.plist.xml; path = "Legevakt-Info.plist"; sourceTree = "<group>"; };
		17EA083017024A80007C2B48 /* main.m */ = {isa = PBXFileReference; lastKnownFileType = sourcecode.c.objc; path = main.m; sourceTree = "<group>"; };
		17EA083217024A80007C2B48 /* Legevakt-Prefix.pch */ = {isa = PBXFileReference; lastKnownFileType = sourcecode.c.h; path = "Legevakt-Prefix.pch"; sourceTree = "<group>"; };
		17EA083317024A80007C2B48 /* TESAppDelegate.h */ = {isa = PBXFileReference; lastKnownFileType = sourcecode.c.h; path = TESAppDelegate.h; sourceTree = "<group>"; };
		17EA083417024A80007C2B48 /* TESAppDelegate.m */ = {isa = PBXFileReference; lastKnownFileType = sourcecode.c.objc; path = TESAppDelegate.m; sourceTree = "<group>"; };
		17EA086817030527007C2B48 /* HealthService.h */ = {isa = PBXFileReference; fileEncoding = 4; lastKnownFileType = sourcecode.c.h; path = HealthService.h; sourceTree = "<group>"; };
		17EA086917030527007C2B48 /* HealthService.m */ = {isa = PBXFileReference; fileEncoding = 4; lastKnownFileType = sourcecode.c.objc; path = HealthService.m; sourceTree = "<group>"; };
		17EA086B17032580007C2B48 /* HealthServiceManager.h */ = {isa = PBXFileReference; fileEncoding = 4; lastKnownFileType = sourcecode.c.h; path = HealthServiceManager.h; sourceTree = "<group>"; };
		17EA086C17032580007C2B48 /* HealthServiceManager.m */ = {isa = PBXFileReference; fileEncoding = 4; lastKnownFileType = sourcecode.c.objc; path = HealthServiceManager.m; sourceTree = "<group>"; };
		17EA086E1703467D007C2B48 /* OpeningHours.h */ = {isa = PBXFileReference; fileEncoding = 4; lastKnownFileType = sourcecode.c.h; path = OpeningHours.h; sourceTree = "<group>"; };
		17EA086F1703467D007C2B48 /* OpeningHours.m */ = {isa = PBXFileReference; fileEncoding = 4; lastKnownFileType = sourcecode.c.objc; path = OpeningHours.m; sourceTree = "<group>"; };
		17EA087117038495007C2B48 /* OpeningInterval.h */ = {isa = PBXFileReference; fileEncoding = 4; lastKnownFileType = sourcecode.c.h; path = OpeningInterval.h; sourceTree = "<group>"; };
		17EA087217038495007C2B48 /* OpeningInterval.m */ = {isa = PBXFileReference; fileEncoding = 4; lastKnownFileType = sourcecode.c.objc; path = OpeningInterval.m; sourceTree = "<group>"; };
		5B996927B2DD4776A30CAC02 /* libPods.a */ = {isa = PBXFileReference; explicitFileType = archive.ar; includeInIndex = 0; path = libPods.a; sourceTree = BUILT_PRODUCTS_DIR; };
		FA5C1EAF860243329134BEBC /* Pods.xcconfig */ = {isa = PBXFileReference; includeInIndex = 1; lastKnownFileType = text.xcconfig; name = Pods.xcconfig; path = Pods/Pods.xcconfig; sourceTree = SOURCE_ROOT; };
/* End PBXFileReference section */

/* Begin PBXFrameworksBuildPhase section */
		17EA081E17024A80007C2B48 /* Frameworks */ = {
			isa = PBXFrameworksBuildPhase;
			buildActionMask = 2147483647;
			files = (
				132CE75017140D1500BE191A /* MapKit.framework in Frameworks */,
				17EA082917024A80007C2B48 /* CoreGraphics.framework in Frameworks */,
				17EA082517024A80007C2B48 /* UIKit.framework in Frameworks */,
				17EA082717024A80007C2B48 /* Foundation.framework in Frameworks */,
				41F6617988DF491CACBD3842 /* libPods.a in Frameworks */,
			);
			runOnlyForDeploymentPostprocessing = 0;
		};
/* End PBXFrameworksBuildPhase section */

/* Begin PBXGroup section */
		1350A0A41716E3CB00FF8364 /* table view */ = {
			isa = PBXGroup;
			children = (
				1376BF811713FB1F0074ABB1 /* TESHealthServiceCell.h */,
				1376BF821713FB200074ABB1 /* TESHealthServiceCell.m */,
				1350A08F1716AF3400FF8364 /* TESHealthServiceCell.xib */,
				139B0273171883E5005238B0 /* TESLoadAllCell.h */,
				139B0274171883E5005238B0 /* TESLoadAllCell.m */,
				139B027617188400005238B0 /* TESLoadAllCell.xib */,
				1350A0911716C81100FF8364 /* TESTableDataSource.h */,
				1350A0921716C81100FF8364 /* TESTableDataSource.m */,
				1350A09E1716D52C00FF8364 /* TESTableDelegate.h */,
				1350A09F1716D52C00FF8364 /* TESTableDelegate.m */,
				139B027A17188487005238B0 /* TESViewInMapCell.h */,
				139B027B17188487005238B0 /* TESViewInMapCell.m */,
				139B027817188452005238B0 /* TESViewInMapCell.xib */,
			);
			name = "table view";
			sourceTree = "<group>";
		};
		1366BA4D1714C87200208968 /* map view */ = {
			isa = PBXGroup;
			children = (
				1366BA4A1714C66600208968 /* TESMapAnnotationView.h */,
				1366BA4B1714C66600208968 /* TESMapAnnotationView.m */,
				1314CA9E1714746900020043 /* TESMapAnnotation.h */,
				1314CA9F1714746900020043 /* TESMapAnnotation.m */,
				1350A0A517171A3000FF8364 /* TESMapDelegate.h */,
				1350A0A617171A3000FF8364 /* TESMapDelegate.m */,
			);
			name = "map view";
			sourceTree = "<group>";
		};
		1376BF741712EFFD0074ABB1 /* data model */ = {
			isa = PBXGroup;
			children = (
				17973A711711D5E200FBDF48 /* Municipality.h */,
				17973A721711D5E200FBDF48 /* Municipality.m */,
				17EA086E1703467D007C2B48 /* OpeningHours.h */,
				17EA086F1703467D007C2B48 /* OpeningHours.m */,
				17EA087117038495007C2B48 /* OpeningInterval.h */,
				17EA087217038495007C2B48 /* OpeningInterval.m */,
				17EA086817030527007C2B48 /* HealthService.h */,
				17EA086917030527007C2B48 /* HealthService.m */,
				17EA086B17032580007C2B48 /* HealthServiceManager.h */,
				17EA086C17032580007C2B48 /* HealthServiceManager.m */,
			);
			name = "data model";
			sourceTree = "<group>";
		};
		1376BF7817130EA10074ABB1 /* gfx */ = {
			isa = PBXGroup;
			children = (
				139B02831718A9D3005238B0 /* ER_load_more.png */,
				139B02841718A9D3005238B0 /* ER_load_more@2x.png */,
				139B027F1718A8AD005238B0 /* ER_closed@2x.png */,
				139B02801718A8AD005238B0 /* ER_open@2x.png */,
				139B027D1718942D005238B0 /* ER_map_view.png */,
				1314CAB71714B69500020043 /* ER_closed_pin.png */,
				1314CAB81714B69500020043 /* ER_open_pin.png */,
				1314CAB31714B45A00020043 /* ER_closed_pin@2x.png */,
				1314CAB41714B45A00020043 /* ER_open_pin@2x.png */,
				1314CAA9171482B600020043 /* ER_closed.png */,
				1314CAAA171482B600020043 /* ER_open.png */,
				1314CAA117147BB000020043 /* ER_call.png */,
				1314CAA217147BB000020043 /* ER_map.png */,
				1314CAA317147BB000020043 /* ER_map2.png */,
				1314CAA417147BB000020043 /* ER_web.png */,
			);
			name = gfx;
			sourceTree = "<group>";
		};
		1742547317152C9A0075ECBF /* utilities */ = {
			isa = PBXGroup;
			children = (
				1314CA9B17146F0400020043 /* TESHealthServiceActionManager.h */,
				1314CA9C17146F0400020043 /* TESHealthServiceActionManager.m */,
				1742547017152C910075ECBF /* TESNorwegianPhoneNumberFormatter.h */,
				1742547117152C910075ECBF /* TESNorwegianPhoneNumberFormatter.m */,
			);
			name = utilities;
			sourceTree = "<group>";
		};
		17EA081817024A80007C2B48 = {
			isa = PBXGroup;
			children = (
				13FA7D8C17144FB7004B42A4 /* ERList_57.png */,
				13FA7D8A17144F62004B42A4 /* ERList_114.png */,
				13FA7D8817144F5C004B42A4 /* PoisonInfo_114.png */,
				13FA7D8617144F58004B42A4 /* Default@2x.png */,
				13FA7D8417144F56004B42A4 /* Default.png */,
				13FA7D8217144F53004B42A4 /* Default-568h@2x.png */,
				17EA082A17024A80007C2B48 /* Legevakt */,
				17EA082317024A80007C2B48 /* Frameworks */,
				17EA082217024A80007C2B48 /* Products */,
				FA5C1EAF860243329134BEBC /* Pods.xcconfig */,
			);
			sourceTree = "<group>";
		};
		17EA082217024A80007C2B48 /* Products */ = {
			isa = PBXGroup;
			children = (
				17EA082117024A80007C2B48 /* Legevakt.app */,
			);
			name = Products;
			sourceTree = "<group>";
		};
		17EA082317024A80007C2B48 /* Frameworks */ = {
			isa = PBXGroup;
			children = (
				132CE74F17140D1500BE191A /* MapKit.framework */,
				17EA082417024A80007C2B48 /* UIKit.framework */,
				17EA082617024A80007C2B48 /* Foundation.framework */,
				17EA082817024A80007C2B48 /* CoreGraphics.framework */,
				5B996927B2DD4776A30CAC02 /* libPods.a */,
			);
			name = Frameworks;
			sourceTree = "<group>";
		};
		17EA082A17024A80007C2B48 /* Legevakt */ = {
			isa = PBXGroup;
			children = (
				1376BF741712EFFD0074ABB1 /* data model */,
				1376BF7817130EA10074ABB1 /* gfx */,
				139B026D17187EB1005238B0 /* MainStoryboard.storyboard */,
				1366BA4D1714C87200208968 /* map view */,
				17EA082B17024A80007C2B48 /* Supporting Files */,
				1350A0A41716E3CB00FF8364 /* table view */,
				17EA083317024A80007C2B48 /* TESAppDelegate.h */,
				17EA083417024A80007C2B48 /* TESAppDelegate.m */,
				1376BF751712F74A0074ABB1 /* TESDetailViewController.h */,
				1376BF761712F74A0074ABB1 /* TESDetailViewController.m */,
				1314CAB017148C0F00020043 /* TESMainViewController.h */,
				1314CAB117148C0F00020043 /* TESMainViewController.m */,
				13B896A0171425FB0058B1A0 /* TESMapViewController.h */,
				13B896A1171425FB0058B1A0 /* TESMapViewController.m */,
				1350A0A11716DAC800FF8364 /* TESTableViewController.h */,
				1350A0A21716DAC800FF8364 /* TESTableViewController.m */,
				1742547317152C9A0075ECBF /* utilities */,
			);
			path = Legevakt;
			sourceTree = "<group>";
		};
		17EA082B17024A80007C2B48 /* Supporting Files */ = {
			isa = PBXGroup;
			children = (
				17EA082C17024A80007C2B48 /* Legevakt-Info.plist */,
				17EA082D17024A80007C2B48 /* InfoPlist.strings */,
				17EA083017024A80007C2B48 /* main.m */,
				17EA083217024A80007C2B48 /* Legevakt-Prefix.pch */,
				13FA7D7D17144BF3004B42A4 /* Localizable.strings */,
			);
			name = "Supporting Files";
			sourceTree = "<group>";
		};
/* End PBXGroup section */

/* Begin PBXNativeTarget section */
		17EA082017024A80007C2B48 /* Legevakt */ = {
			isa = PBXNativeTarget;
			buildConfigurationList = 17EA084417024A80007C2B48 /* Build configuration list for PBXNativeTarget "Legevakt" */;
			buildPhases = (
				17EA081D17024A80007C2B48 /* Sources */,
				17EA081E17024A80007C2B48 /* Frameworks */,
				17EA081F17024A80007C2B48 /* Resources */,
				161A1AD02EB64ACFB19742CC /* Copy Pods Resources */,
			);
			buildRules = (
			);
			dependencies = (
			);
			name = Legevakt;
			productName = Legevakt;
			productReference = 17EA082117024A80007C2B48 /* Legevakt.app */;
			productType = "com.apple.product-type.application";
		};
/* End PBXNativeTarget section */

/* Begin PBXProject section */
		17EA081917024A80007C2B48 /* Project object */ = {
			isa = PBXProject;
			attributes = {
				CLASSPREFIX = TES;
				LastUpgradeCheck = 0460;
				ORGANIZATIONNAME = "Tom Erik St√∏wer";
			};
			buildConfigurationList = 17EA081C17024A80007C2B48 /* Build configuration list for PBXProject "Legevakt" */;
			compatibilityVersion = "Xcode 3.2";
			developmentRegion = English;
			hasScannedForEncodings = 0;
			knownRegions = (
				en,
				nb,
			);
			mainGroup = 17EA081817024A80007C2B48;
			productRefGroup = 17EA082217024A80007C2B48 /* Products */;
			projectDirPath = "";
			projectRoot = "";
			targets = (
				17EA082017024A80007C2B48 /* Legevakt */,
			);
		};
/* End PBXProject section */

/* Begin PBXResourcesBuildPhase section */
		17EA081F17024A80007C2B48 /* Resources */ = {
			isa = PBXResourcesBuildPhase;
			buildActionMask = 2147483647;
			files = (
				17EA082F17024A80007C2B48 /* InfoPlist.strings in Resources */,
				13FA7D7B17144BF3004B42A4 /* Localizable.strings in Resources */,
				13FA7D8317144F53004B42A4 /* Default-568h@2x.png in Resources */,
				13FA7D8517144F56004B42A4 /* Default.png in Resources */,
				13FA7D8717144F58004B42A4 /* Default@2x.png in Resources */,
				13FA7D8917144F5C004B42A4 /* PoisonInfo_114.png in Resources */,
				13FA7D8B17144F62004B42A4 /* ERList_114.png in Resources */,
				13FA7D8D17144FB7004B42A4 /* ERList_57.png in Resources */,
				1314CAA517147BB000020043 /* ER_call.png in Resources */,
				1314CAA617147BB000020043 /* ER_map.png in Resources */,
				1314CAA717147BB000020043 /* ER_map2.png in Resources */,
				1314CAA817147BB000020043 /* ER_web.png in Resources */,
				1314CAAB171482B600020043 /* ER_closed.png in Resources */,
				1314CAAC171482B600020043 /* ER_open.png in Resources */,
				1314CAB51714B45A00020043 /* ER_closed_pin@2x.png in Resources */,
				1314CAB61714B45A00020043 /* ER_open_pin@2x.png in Resources */,
				1314CAB91714B69500020043 /* ER_closed_pin.png in Resources */,
				1314CABA1714B69500020043 /* ER_open_pin.png in Resources */,
				1350A0901716AF3400FF8364 /* TESHealthServiceCell.xib in Resources */,
				139B026F17187EB1005238B0 /* MainStoryboard.storyboard in Resources */,
				139B027717188401005238B0 /* TESLoadAllCell.xib in Resources */,
				139B027917188452005238B0 /* TESViewInMapCell.xib in Resources */,
				139B027E1718942D005238B0 /* ER_map_view.png in Resources */,
				139B02811718A8AD005238B0 /* ER_closed@2x.png in Resources */,
				139B02821718A8AD005238B0 /* ER_open@2x.png in Resources */,
				139B02851718A9D3005238B0 /* ER_load_more.png in Resources */,
				139B02861718A9D3005238B0 /* ER_load_more@2x.png in Resources */,
			);
			runOnlyForDeploymentPostprocessing = 0;
		};
/* End PBXResourcesBuildPhase section */

/* Begin PBXShellScriptBuildPhase section */
		161A1AD02EB64ACFB19742CC /* Copy Pods Resources */ = {
			isa = PBXShellScriptBuildPhase;
			buildActionMask = 2147483647;
			files = (
			);
			inputPaths = (
			);
			name = "Copy Pods Resources";
			outputPaths = (
			);
			runOnlyForDeploymentPostprocessing = 0;
			shellPath = /bin/sh;
			shellScript = "\"${SRCROOT}/Pods/Pods-resources.sh\"\n";
		};
/* End PBXShellScriptBuildPhase section */

/* Begin PBXSourcesBuildPhase section */
		17EA081D17024A80007C2B48 /* Sources */ = {
			isa = PBXSourcesBuildPhase;
			buildActionMask = 2147483647;
			files = (
				17EA083117024A80007C2B48 /* main.m in Sources */,
				17EA083517024A80007C2B48 /* TESAppDelegate.m in Sources */,
				17EA086A17030527007C2B48 /* HealthService.m in Sources */,
				17EA086D17032580007C2B48 /* HealthServiceManager.m in Sources */,
				17EA08701703467D007C2B48 /* OpeningHours.m in Sources */,
				17EA087317038495007C2B48 /* OpeningInterval.m in Sources */,
				17973A731711D5E200FBDF48 /* Municipality.m in Sources */,
				1376BF771712F74A0074ABB1 /* TESDetailViewController.m in Sources */,
				1376BF831713FB200074ABB1 /* TESHealthServiceCell.m in Sources */,
				13B896A2171425FB0058B1A0 /* TESMapViewController.m in Sources */,
				1314CA9D17146F0400020043 /* TESHealthServiceActionManager.m in Sources */,
				1314CAA01714746900020043 /* TESMapAnnotation.m in Sources */,
				1314CAB217148C0F00020043 /* TESMainViewController.m in Sources */,
				1366BA4C1714C66600208968 /* TESMapAnnotationView.m in Sources */,
				1742547217152C910075ECBF /* TESNorwegianPhoneNumberFormatter.m in Sources */,
				1350A0931716C81100FF8364 /* TESTableDataSource.m in Sources */,
				1350A0A01716D52C00FF8364 /* TESTableDelegate.m in Sources */,
				1350A0A31716DAC800FF8364 /* TESTableViewController.m in Sources */,
				1350A0A717171A3000FF8364 /* TESMapDelegate.m in Sources */,
				139B0275171883E5005238B0 /* TESLoadAllCell.m in Sources */,
				139B027C17188487005238B0 /* TESViewInMapCell.m in Sources */,
			);
			runOnlyForDeploymentPostprocessing = 0;
		};
/* End PBXSourcesBuildPhase section */

/* Begin PBXVariantGroup section */
		139B026D17187EB1005238B0 /* MainStoryboard.storyboard */ = {
			isa = PBXVariantGroup;
			children = (
				139B026E17187EB1005238B0 /* nb */,
			);
			name = MainStoryboard.storyboard;
			sourceTree = "<group>";
		};
		13FA7D7D17144BF3004B42A4 /* Localizable.strings */ = {
			isa = PBXVariantGroup;
			children = (
				13FA7D7C17144BF3004B42A4 /* nb */,
			);
			name = Localizable.strings;
			sourceTree = "<group>";
		};
		17EA082D17024A80007C2B48 /* InfoPlist.strings */ = {
			isa = PBXVariantGroup;
			children = (
				13FA7D7A17144BEA004B42A4 /* nb */,
			);
			name = InfoPlist.strings;
			sourceTree = "<group>";
		};
/* End PBXVariantGroup section */

/* Begin XCBuildConfiguration section */
		17EA084217024A80007C2B48 /* Debug */ = {
			isa = XCBuildConfiguration;
			buildSettings = {
				ALWAYS_SEARCH_USER_PATHS = NO;
				CLANG_CXX_LANGUAGE_STANDARD = "gnu++0x";
				CLANG_CXX_LIBRARY = "libc++";
				CLANG_ENABLE_OBJC_ARC = YES;
				CLANG_WARN_CONSTANT_CONVERSION = YES;
				CLANG_WARN_EMPTY_BODY = YES;
				CLANG_WARN_ENUM_CONVERSION = YES;
				CLANG_WARN_INT_CONVERSION = YES;
				CLANG_WARN__DUPLICATE_METHOD_MATCH = YES;
				"CODE_SIGN_IDENTITY[sdk=iphoneos*]" = "iPhone Developer";
				COPY_PHASE_STRIP = NO;
				GCC_C_LANGUAGE_STANDARD = gnu99;
				GCC_DYNAMIC_NO_PIC = NO;
				GCC_OPTIMIZATION_LEVEL = 0;
				GCC_PREPROCESSOR_DEFINITIONS = (
					"DEBUG=1",
					"$(inherited)",
				);
				GCC_SYMBOLS_PRIVATE_EXTERN = NO;
				GCC_WARN_ABOUT_RETURN_TYPE = YES;
				GCC_WARN_UNINITIALIZED_AUTOS = YES;
				GCC_WARN_UNUSED_VARIABLE = YES;
				IPHONEOS_DEPLOYMENT_TARGET = 5.0;
				ONLY_ACTIVE_ARCH = YES;
				SDKROOT = iphoneos;
			};
			name = Debug;
		};
		17EA084317024A80007C2B48 /* Release */ = {
			isa = XCBuildConfiguration;
			buildSettings = {
				ALWAYS_SEARCH_USER_PATHS = NO;
				CLANG_CXX_LANGUAGE_STANDARD = "gnu++0x";
				CLANG_CXX_LIBRARY = "libc++";
				CLANG_ENABLE_OBJC_ARC = YES;
				CLANG_WARN_CONSTANT_CONVERSION = YES;
				CLANG_WARN_EMPTY_BODY = YES;
				CLANG_WARN_ENUM_CONVERSION = YES;
				CLANG_WARN_INT_CONVERSION = YES;
				CLANG_WARN__DUPLICATE_METHOD_MATCH = YES;
				"CODE_SIGN_IDENTITY[sdk=iphoneos*]" = "iPhone Developer";
				COPY_PHASE_STRIP = YES;
				GCC_C_LANGUAGE_STANDARD = gnu99;
				GCC_WARN_ABOUT_RETURN_TYPE = YES;
				GCC_WARN_UNINITIALIZED_AUTOS = YES;
				GCC_WARN_UNUSED_VARIABLE = YES;
				IPHONEOS_DEPLOYMENT_TARGET = 5.0;
				OTHER_CFLAGS = "-DNS_BLOCK_ASSERTIONS=1";
				SDKROOT = iphoneos;
				VALIDATE_PRODUCT = YES;
			};
			name = Release;
		};
		17EA084517024A80007C2B48 /* Debug */ = {
			isa = XCBuildConfiguration;
			baseConfigurationReference = FA5C1EAF860243329134BEBC /* Pods.xcconfig */;
			buildSettings = {
				GCC_PRECOMPILE_PREFIX_HEADER = YES;
				GCC_PREFIX_HEADER = "Legevakt/Legevakt-Prefix.pch";
				INFOPLIST_FILE = "Legevakt/Legevakt-Info.plist";
				PRODUCT_NAME = "$(TARGET_NAME)";
				WRAPPER_EXTENSION = app;
			};
			name = Debug;
		};
		17EA084617024A80007C2B48 /* Release */ = {
			isa = XCBuildConfiguration;
			baseConfigurationReference = FA5C1EAF860243329134BEBC /* Pods.xcconfig */;
			buildSettings = {
				GCC_PRECOMPILE_PREFIX_HEADER = YES;
				GCC_PREFIX_HEADER = "Legevakt/Legevakt-Prefix.pch";
				INFOPLIST_FILE = "Legevakt/Legevakt-Info.plist";
				PRODUCT_NAME = "$(TARGET_NAME)";
				WRAPPER_EXTENSION = app;
			};
			name = Release;
		};
/* End XCBuildConfiguration section */

/* Begin XCConfigurationList section */
		17EA081C17024A80007C2B48 /* Build configuration list for PBXProject "Legevakt" */ = {
			isa = XCConfigurationList;
			buildConfigurations = (
				17EA084217024A80007C2B48 /* Debug */,
				17EA084317024A80007C2B48 /* Release */,
			);
			defaultConfigurationIsVisible = 0;
			defaultConfigurationName = Release;
		};
		17EA084417024A80007C2B48 /* Build configuration list for PBXNativeTarget "Legevakt" */ = {
			isa = XCConfigurationList;
			buildConfigurations = (
				17EA084517024A80007C2B48 /* Debug */,
				17EA084617024A80007C2B48 /* Release */,
			);
			defaultConfigurationIsVisible = 0;
			defaultConfigurationName = Release;
		};
/* End XCConfigurationList section */
	};
	rootObject = 17EA081917024A80007C2B48 /* Project object */;
}
